PODS:
  - CoeurImageEffectsSamples (0.1.0)

DEPENDENCIES:
  - CoeurImageEffectsSamples (from `../`)

EXTERNAL SOURCES:
  CoeurImageEffectsSamples:
    :path: ../

SPEC CHECKSUMS:
  CoeurImageEffectsSamples: 20ea5e07ccc188234da1144de4209ceaa530f16d

PODFILE CHECKSUM: 709b10042f40334f6bba994dc00afddd99016560

COCOAPODS: 1.3.1
