PODS:
  - SwiftImageEffectsSamples (0.1.0)

DEPENDENCIES:
  - SwiftImageEffectsSamples (from `../`)

EXTERNAL SOURCES:
  SwiftImageEffectsSamples:
    :path: ../

SPEC CHECKSUMS:
  SwiftImageEffectsSamples: 71d298165a19a56da5ef4c98d51d2a7a0ae07224

PODFILE CHECKSUM: 16d757dcbb15c6b228311dfdacc443d102b2965d

COCOAPODS: 1.3.1
